
Microsoft Visual Studio Solution File, Format Version 12.00
# Visual Studio Version 17
VisualStudioVersion = 17.10.35122.118
MinimumVisualStudioVersion = 10.0.40219.1
Project("{54A90642-561A-4BB1-A94E-469ADEE60C69}") = "VoiceFlexTestUI", "VoiceFlexTestUI\VoiceFlexTestUI.esproj", "{1C2E145E-AE4D-4A3D-A97C-A388D0160333}"
EndProject
Global
	GlobalSection(SolutionConfigurationPlatforms) = preSolution
		Debug|Any CPU = Debug|Any CPU
		Release|Any CPU = Release|Any CPU
	EndGlobalSection
	GlobalSection(ProjectConfigurationPlatforms) = postSolution
		{1C2E145E-AE4D-4A3D-A97C-A388D0160333}.Debug|Any CPU.ActiveCfg = Debug|Any CPU
		{1C2E145E-AE4D-4A3D-A97C-A388D0160333}.Debug|Any CPU.Build.0 = Debug|Any CPU
		{1C2E145E-AE4D-4A3D-A97C-A388D0160333}.Debug|Any CPU.Deploy.0 = Debug|Any CPU
		{1C2E145E-AE4D-4A3D-A97C-A388D0160333}.Release|Any CPU.ActiveCfg = Release|Any CPU
		{1C2E145E-AE4D-4A3D-A97C-A388D0160333}.Release|Any CPU.Build.0 = Release|Any CPU
		{1C2E145E-AE4D-4A3D-A97C-A388D0160333}.Release|Any CPU.Deploy.0 = Release|Any CPU
	EndGlobalSection
	GlobalSection(SolutionProperties) = preSolution
		HideSolutionNode = FALSE
	EndGlobalSection
	GlobalSection(ExtensibilityGlobals) = postSolution
		SolutionGuid = {5CA8D6BE-B627-4E8F-B1A0-A16DCF72D981}
	EndGlobalSection
EndGlobal
